// !$*UTF8*$!
{
	archiveVersion = 1;
	classes = {
	};
	objectVersion = 55;
	objects = {

/* Begin PBXBuildFile section */
		1331E5CF2797471B0068018F /* DispatchQueue.swift in Sources */ = {isa = PBXBuildFile; fileRef = 1331E5CE2797471B0068018F /* DispatchQueue.swift */; };
		1331E5D1279747D40068018F /* Worker.swift in Sources */ = {isa = PBXBuildFile; fileRef = 1331E5D0279747D40068018F /* Worker.swift */; };
		13A6CEEC27905F80003DBED9 /* DualDimmerApp.swift in Sources */ = {isa = PBXBuildFile; fileRef = 13A6CEEB27905F80003DBED9 /* DualDimmerApp.swift */; };
		13A6CEEE27905F80003DBED9 /* ContentView.swift in Sources */ = {isa = PBXBuildFile; fileRef = 13A6CEED27905F80003DBED9 /* ContentView.swift */; };
		13A6CEF027905F81003DBED9 /* Assets.xcassets in Resources */ = {isa = PBXBuildFile; fileRef = 13A6CEEF27905F81003DBED9 /* Assets.xcassets */; };
		13A6CEF327905F81003DBED9 /* Preview Assets.xcassets in Resources */ = {isa = PBXBuildFile; fileRef = 13A6CEF227905F81003DBED9 /* Preview Assets.xcassets */; };
		13C673162796D2F60079BD83 /* CGDirectDisplayID.swift in Sources */ = {isa = PBXBuildFile; fileRef = 13C673152796D2F60079BD83 /* CGDirectDisplayID.swift */; };
		13C6731827970CF50079BD83 /* Utils.swift in Sources */ = {isa = PBXBuildFile; fileRef = 13C6731727970CF50079BD83 /* Utils.swift */; };
/* End PBXBuildFile section */

/* Begin PBXFileReference section */
		1331E5CE2797471B0068018F /* DispatchQueue.swift */ = {isa = PBXFileReference; lastKnownFileType = sourcecode.swift; path = DispatchQueue.swift; sourceTree = "<group>"; };
		1331E5D0279747D40068018F /* Worker.swift */ = {isa = PBXFileReference; lastKnownFileType = sourcecode.swift; path = Worker.swift; sourceTree = "<group>"; };
		13A6CEE827905F80003DBED9 /* DualDimmer.app */ = {isa = PBXFileReference; explicitFileType = wrapper.application; includeInIndex = 0; path = DualDimmer.app; sourceTree = BUILT_PRODUCTS_DIR; };
		13A6CEEB27905F80003DBED9 /* DualDimmerApp.swift */ = {isa = PBXFileReference; lastKnownFileType = sourcecode.swift; path = DualDimmerApp.swift; sourceTree = "<group>"; };
		13A6CEED27905F80003DBED9 /* ContentView.swift */ = {isa = PBXFileReference; lastKnownFileType = sourcecode.swift; path = ContentView.swift; sourceTree = "<group>"; };
		13A6CEEF27905F81003DBED9 /* Assets.xcassets */ = {isa = PBXFileReference; lastKnownFileType = folder.assetcatalog; path = Assets.xcassets; sourceTree = "<group>"; };
		13A6CEF227905F81003DBED9 /* Preview Assets.xcassets */ = {isa = PBXFileReference; lastKnownFileType = folder.assetcatalog; path = "Preview Assets.xcassets"; sourceTree = "<group>"; };
		13A6CEF427905F81003DBED9 /* DualDimmer.entitlements */ = {isa = PBXFileReference; lastKnownFileType = text.plist.entitlements; path = DualDimmer.entitlements; sourceTree = "<group>"; };
		13C673152796D2F60079BD83 /* CGDirectDisplayID.swift */ = {isa = PBXFileReference; lastKnownFileType = sourcecode.swift; path = CGDirectDisplayID.swift; sourceTree = "<group>"; };
		13C6731727970CF50079BD83 /* Utils.swift */ = {isa = PBXFileReference; lastKnownFileType = sourcecode.swift; path = Utils.swift; sourceTree = "<group>"; };
/* End PBXFileReference section */

/* Begin PBXFrameworksBuildPhase section */
		13A6CEE527905F80003DBED9 /* Frameworks */ = {
			isa = PBXFrameworksBuildPhase;
			buildActionMask = 2147483647;
			files = (
			);
			runOnlyForDeploymentPostprocessing = 0;
		};
/* End PBXFrameworksBuildPhase section */

/* Begin PBXGroup section */
		13A6CEDF27905F80003DBED9 = {
			isa = PBXGroup;
			children = (
				13A6CEEA27905F80003DBED9 /* DualDimmer */,
				13A6CEE927905F80003DBED9 /* Products */,
			);
			sourceTree = "<group>";
		};
		13A6CEE927905F80003DBED9 /* Products */ = {
			isa = PBXGroup;
			children = (
				13A6CEE827905F80003DBED9 /* DualDimmer.app */,
			);
			name = Products;
			sourceTree = "<group>";
		};
		13A6CEEA27905F80003DBED9 /* DualDimmer */ = {
			isa = PBXGroup;
			children = (
				13C673142796D2D60079BD83 /* Extensions */,
				13A6CEEB27905F80003DBED9 /* DualDimmerApp.swift */,
				13A6CEED27905F80003DBED9 /* ContentView.swift */,
				13A6CEEF27905F81003DBED9 /* Assets.xcassets */,
				13A6CEF427905F81003DBED9 /* DualDimmer.entitlements */,
				13A6CEF127905F81003DBED9 /* Preview Content */,
				1331E5D0279747D40068018F /* Worker.swift */,
				13C6731727970CF50079BD83 /* Utils.swift */,
			);
			path = DualDimmer;
			sourceTree = "<group>";
		};
		13A6CEF127905F81003DBED9 /* Preview Content */ = {
			isa = PBXGroup;
			children = (
				13A6CEF227905F81003DBED9 /* Preview Assets.xcassets */,
			);
			path = "Preview Content";
			sourceTree = "<group>";
		};
		13C673142796D2D60079BD83 /* Extensions */ = {
			isa = PBXGroup;
			children = (
				13C673152796D2F60079BD83 /* CGDirectDisplayID.swift */,
				1331E5CE2797471B0068018F /* DispatchQueue.swift */,
			);
			path = Extensions;
			sourceTree = "<group>";
		};
/* End PBXGroup section */

/* Begin PBXNativeTarget section */
		13A6CEE727905F80003DBED9 /* DualDimmer */ = {
			isa = PBXNativeTarget;
			buildConfigurationList = 13A6CEF727905F81003DBED9 /* Build configuration list for PBXNativeTarget "DualDimmer" */;
			buildPhases = (
				13A6CEE427905F80003DBED9 /* Sources */,
				13A6CEE527905F80003DBED9 /* Frameworks */,
				13A6CEE627905F80003DBED9 /* Resources */,
			);
			buildRules = (
			);
			dependencies = (
			);
			name = DualDimmer;
			productName = DualDimmer;
			productReference = 13A6CEE827905F80003DBED9 /* DualDimmer.app */;
			productType = "com.apple.product-type.application";
		};
/* End PBXNativeTarget section */

/* Begin PBXProject section */
		13A6CEE027905F80003DBED9 /* Project object */ = {
			isa = PBXProject;
			attributes = {
				BuildIndependentTargetsInParallel = 1;
				LastSwiftUpdateCheck = 1320;
				LastUpgradeCheck = 1320;
				TargetAttributes = {
					13A6CEE727905F80003DBED9 = {
						CreatedOnToolsVersion = 13.2.1;
					};
				};
			};
			buildConfigurationList = 13A6CEE327905F80003DBED9 /* Build configuration list for PBXProject "DualDimmer" */;
			compatibilityVersion = "Xcode 13.0";
			developmentRegion = en;
			hasScannedForEncodings = 0;
			knownRegions = (
				en,
				Base,
			);
			mainGroup = 13A6CEDF27905F80003DBED9;
			productRefGroup = 13A6CEE927905F80003DBED9 /* Products */;
			projectDirPath = "";
			projectRoot = "";
			targets = (
				13A6CEE727905F80003DBED9 /* DualDimmer */,
			);
		};
/* End PBXProject section */

/* Begin PBXResourcesBuildPhase section */
		13A6CEE627905F80003DBED9 /* Resources */ = {
			isa = PBXResourcesBuildPhase;
			buildActionMask = 2147483647;
			files = (
				13A6CEF327905F81003DBED9 /* Preview Assets.xcassets in Resources */,
				13A6CEF027905F81003DBED9 /* Assets.xcassets in Resources */,
			);
			runOnlyForDeploymentPostprocessing = 0;
		};
/* End PBXResourcesBuildPhase section */

/* Begin PBXSourcesBuildPhase section */
		13A6CEE427905F80003DBED9 /* Sources */ = {
			isa = PBXSourcesBuildPhase;
			buildActionMask = 2147483647;
			files = (
				13A6CEEE27905F80003DBED9 /* ContentView.swift in Sources */,
				1331E5D1279747D40068018F /* Worker.swift in Sources */,
				13A6CEEC27905F80003DBED9 /* DualDimmerApp.swift in Sources */,
				13C673162796D2F60079BD83 /* CGDirectDisplayID.swift in Sources */,
				1331E5CF2797471B0068018F /* DispatchQueue.swift in Sources */,
				13C6731827970CF50079BD83 /* Utils.swift in Sources */,
			);
			runOnlyForDeploymentPostprocessing = 0;
		};
/* End PBXSourcesBuildPhase section */

/* Begin XCBuildConfiguration section */
		13A6CEF527905F81003DBED9 /* Debug */ = {
			isa = XCBuildConfiguration;
			buildSettings = {
				ALWAYS_SEARCH_USER_PATHS = NO;
				CLANG_ANALYZER_NONNULL = YES;
				CLANG_ANALYZER_NUMBER_OBJECT_CONVERSION = YES_AGGRESSIVE;
				CLANG_CXX_LANGUAGE_STANDARD = "gnu++17";
				CLANG_CXX_LIBRARY = "libc++";
				CLANG_ENABLE_MODULES = YES;
				CLANG_ENABLE_OBJC_ARC = YES;
				CLANG_ENABLE_OBJC_WEAK = YES;
				CLANG_WARN_BLOCK_CAPTURE_AUTORELEASING = YES;
				CLANG_WARN_BOOL_CONVERSION = YES;
				CLANG_WARN_COMMA = YES;
				CLANG_WARN_CONSTANT_CONVERSION = YES;
				CLANG_WARN_DEPRECATED_OBJC_IMPLEMENTATIONS = YES;
				CLANG_WARN_DIRECT_OBJC_ISA_USAGE = YES_ERROR;
				CLANG_WARN_DOCUMENTATION_COMMENTS = YES;
				CLANG_WARN_EMPTY_BODY = YES;
				CLANG_WARN_ENUM_CONVERSION = YES;
				CLANG_WARN_INFINITE_RECURSION = YES;
				CLANG_WARN_INT_CONVERSION = YES;
				CLANG_WARN_NON_LITERAL_NULL_CONVERSION = YES;
				CLANG_WARN_OBJC_IMPLICIT_RETAIN_SELF = YES;
				CLANG_WARN_OBJC_LITERAL_CONVERSION = YES;
				CLANG_WARN_OBJC_ROOT_CLASS = YES_ERROR;
				CLANG_WARN_QUOTED_INCLUDE_IN_FRAMEWORK_HEADER = YES;
				CLANG_WARN_RANGE_LOOP_ANALYSIS = YES;
				CLANG_WARN_STRICT_PROTOTYPES = YES;
				CLANG_WARN_SUSPICIOUS_MOVE = YES;
				CLANG_WARN_UNGUARDED_AVAILABILITY = YES_AGGRESSIVE;
				CLANG_WARN_UNREACHABLE_CODE = YES;
				CLANG_WARN__DUPLICATE_METHOD_MATCH = YES;
				COPY_PHASE_STRIP = NO;
				DEBUG_INFORMATION_FORMAT = dwarf;
				ENABLE_STRICT_OBJC_MSGSEND = YES;
				ENABLE_TESTABILITY = YES;
				GCC_C_LANGUAGE_STANDARD = gnu11;
				GCC_DYNAMIC_NO_PIC = NO;
				GCC_NO_COMMON_BLOCKS = YES;
				GCC_OPTIMIZATION_LEVEL = 0;
				GCC_PREPROCESSOR_DEFINITIONS = (
					"DEBUG=1",
					"$(inherited)",
				);
				GCC_WARN_64_TO_32_BIT_CONVERSION = YES;
				GCC_WARN_ABOUT_RETURN_TYPE = YES_ERROR;
				GCC_WARN_UNDECLARED_SELECTOR = YES;
				GCC_WARN_UNINITIALIZED_AUTOS = YES_AGGRESSIVE;
				GCC_WARN_UNUSED_FUNCTION = YES;
				GCC_WARN_UNUSED_VARIABLE = YES;
				MACOSX_DEPLOYMENT_TARGET = 12.1;
				MTL_ENABLE_DEBUG_INFO = INCLUDE_SOURCE;
				MTL_FAST_MATH = YES;
				ONLY_ACTIVE_ARCH = YES;
				SDKROOT = macosx;
				SWIFT_ACTIVE_COMPILATION_CONDITIONS = DEBUG;
				SWIFT_OPTIMIZATION_LEVEL = "-Onone";
			};
			name = Debug;
		};
		13A6CEF627905F81003DBED9 /* Release */ = {
			isa = XCBuildConfiguration;
			buildSettings = {
				ALWAYS_SEARCH_USER_PATHS = NO;
				CLANG_ANALYZER_NONNULL = YES;
				CLANG_ANALYZER_NUMBER_OBJECT_CONVERSION = YES_AGGRESSIVE;
				CLANG_CXX_LANGUAGE_STANDARD = "gnu++17";
				CLANG_CXX_LIBRARY = "libc++";
				CLANG_ENABLE_MODULES = YES;
				CLANG_ENABLE_OBJC_ARC = YES;
				CLANG_ENABLE_OBJC_WEAK = YES;
				CLANG_WARN_BLOCK_CAPTURE_AUTORELEASING = YES;
				CLANG_WARN_BOOL_CONVERSION = YES;
				CLANG_WARN_COMMA = YES;
				CLANG_WARN_CONSTANT_CONVERSION = YES;
				CLANG_WARN_DEPRECATED_OBJC_IMPLEMENTATIONS = YES;
				CLANG_WARN_DIRECT_OBJC_ISA_USAGE = YES_ERROR;
				CLANG_WARN_DOCUMENTATION_COMMENTS = YES;
				CLANG_WARN_EMPTY_BODY = YES;
				CLANG_WARN_ENUM_CONVERSION = YES;
				CLANG_WARN_INFINITE_RECURSION = YES;
				CLANG_WARN_INT_CONVERSION = YES;
				CLANG_WARN_NON_LITERAL_NULL_CONVERSION = YES;
				CLANG_WARN_OBJC_IMPLICIT_RETAIN_SELF = YES;
				CLANG_WARN_OBJC_LITERAL_CONVERSION = YES;
				CLANG_WARN_OBJC_ROOT_CLASS = YES_ERROR;
				CLANG_WARN_QUOTED_INCLUDE_IN_FRAMEWORK_HEADER = YES;
				CLANG_WARN_RANGE_LOOP_ANALYSIS = YES;
				CLANG_WARN_STRICT_PROTOTYPES = YES;
				CLANG_WARN_SUSPICIOUS_MOVE = YES;
				CLANG_WARN_UNGUARDED_AVAILABILITY = YES_AGGRESSIVE;
				CLANG_WARN_UNREACHABLE_CODE = YES;
				CLANG_WARN__DUPLICATE_METHOD_MATCH = YES;
				COPY_PHASE_STRIP = NO;
				DEBUG_INFORMATION_FORMAT = "dwarf-with-dsym";
				ENABLE_NS_ASSERTIONS = NO;
				ENABLE_STRICT_OBJC_MSGSEND = YES;
				GCC_C_LANGUAGE_STANDARD = gnu11;
				GCC_NO_COMMON_BLOCKS = YES;
				GCC_WARN_64_TO_32_BIT_CONVERSION = YES;
				GCC_WARN_ABOUT_RETURN_TYPE = YES_ERROR;
				GCC_WARN_UNDECLARED_SELECTOR = YES;
				GCC_WARN_UNINITIALIZED_AUTOS = YES_AGGRESSIVE;
				GCC_WARN_UNUSED_FUNCTION = YES;
				GCC_WARN_UNUSED_VARIABLE = YES;
				MACOSX_DEPLOYMENT_TARGET = 12.1;
				MTL_ENABLE_DEBUG_INFO = NO;
				MTL_FAST_MATH = YES;
				SDKROOT = macosx;
				SWIFT_COMPILATION_MODE = wholemodule;
				SWIFT_OPTIMIZATION_LEVEL = "-O";
			};
			name = Release;
		};
		13A6CEF827905F81003DBED9 /* Debug */ = {
			isa = XCBuildConfiguration;
			buildSettings = {
				ASSETCATALOG_COMPILER_APPICON_NAME = AppIcon;
				ASSETCATALOG_COMPILER_GLOBAL_ACCENT_COLOR_NAME = AccentColor;
				ASSETCATALOG_COMPILER_INCLUDE_ALL_APPICON_ASSETS = NO;
				CODE_SIGN_ENTITLEMENTS = DualDimmer/DualDimmer.entitlements;
				CODE_SIGN_STYLE = Automatic;
				COMBINE_HIDPI_IMAGES = YES;
				CURRENT_PROJECT_VERSION = 1;
				DEVELOPMENT_ASSET_PATHS = "\"DualDimmer/Preview Content\"";
				DEVELOPMENT_TEAM = S4F2R9PS6Y;
				ENABLE_HARDENED_RUNTIME = YES;
				ENABLE_PREVIEWS = YES;
				GENERATE_INFOPLIST_FILE = YES;
				INFOPLIST_KEY_LSApplicationCategoryType = "public.app-category.utilities";
				INFOPLIST_KEY_NSHumanReadableCopyright = "";
				LD_RUNPATH_SEARCH_PATHS = (
					"$(inherited)",
					"@executable_path/../Frameworks",
				);
				MARKETING_VERSION = 1.0;
				PRODUCT_BUNDLE_IDENTIFIER = it.francescofact.DualDimmer;
				PRODUCT_NAME = "$(TARGET_NAME)";
				SWIFT_EMIT_LOC_STRINGS = YES;
				SWIFT_VERSION = 5.0;
			};
			name = Debug;
		};
		13A6CEF927905F81003DBED9 /* Release */ = {
			isa = XCBuildConfiguration;
			buildSettings = {
				ASSETCATALOG_COMPILER_APPICON_NAME = AppIcon;
				ASSETCATALOG_COMPILER_GLOBAL_ACCENT_COLOR_NAME = AccentColor;
				ASSETCATALOG_COMPILER_INCLUDE_ALL_APPICON_ASSETS = NO;
				CODE_SIGN_ENTITLEMENTS = DualDimmer/DualDimmer.entitlements;
				CODE_SIGN_STYLE = Automatic;
				COMBINE_HIDPI_IMAGES = YES;
				CURRENT_PROJECT_VERSION = 1;
				DEVELOPMENT_ASSET_PATHS = "\"DualDimmer/Preview Content\"";
				DEVELOPMENT_TEAM = S4F2R9PS6Y;
				ENABLE_HARDENED_RUNTIME = YES;
				ENABLE_PREVIEWS = YES;
				GENERATE_INFOPLIST_FILE = YES;
				INFOPLIST_KEY_LSApplicationCategoryType = "public.app-category.utilities";
				INFOPLIST_KEY_NSHumanReadableCopyright = "";
				LD_RUNPATH_SEARCH_PATHS = (
					"$(inherited)",
					"@executable_path/../Frameworks",
				);
				MARKETING_VERSION = 1.0;
				PRODUCT_BUNDLE_IDENTIFIER = it.francescofact.DualDimmer;
				PRODUCT_NAME = "$(TARGET_NAME)";
				SWIFT_EMIT_LOC_STRINGS = YES;
				SWIFT_VERSION = 5.0;
			};
			name = Release;
		};
/* End XCBuildConfiguration section */

/* Begin XCConfigurationList section */
		13A6CEE327905F80003DBED9 /* Build configuration list for PBXProject "DualDimmer" */ = {
			isa = XCConfigurationList;
			buildConfigurations = (
				13A6CEF527905F81003DBED9 /* Debug */,
				13A6CEF627905F81003DBED9 /* Release */,
			);
			defaultConfigurationIsVisible = 0;
			defaultConfigurationName = Release;
		};
		13A6CEF727905F81003DBED9 /* Build configuration list for PBXNativeTarget "DualDimmer" */ = {
			isa = XCConfigurationList;
			buildConfigurations = (
				13A6CEF827905F81003DBED9 /* Debug */,
				13A6CEF927905F81003DBED9 /* Release */,
			);
			defaultConfigurationIsVisible = 0;
			defaultConfigurationName = Release;
		};
/* End XCConfigurationList section */
	};
	rootObject = 13A6CEE027905F80003DBED9 /* Project object */;
}
